
Microsoft Visual Studio Solution File, Format Version 12.00
# Visual Studio Version 16
VisualStudioVersion = 16.0.32126.315
MinimumVisualStudioVersion = 10.0.40219.1
Project("{FAE04EC0-301F-11D3-BF4B-00C04F79EFBC}") = "WorkingWithFormsDemo", "WorkingWithFormsDemo\WorkingWithFormsDemo.csproj", "{73C8AE7A-37C6-4033-BAA8-104F8C62E7F8}"
EndProject
Global
	GlobalSection(SolutionConfigurationPlatforms) = preSolution
		Debug|Any CPU = Debug|Any CPU
		Release|Any CPU = Release|Any CPU
	EndGlobalSection
	GlobalSection(ProjectConfigurationPlatforms) = postSolution
		{73C8AE7A-37C6-4033-BAA8-104F8C62E7F8}.Debug|Any CPU.ActiveCfg = Debug|Any CPU
		{73C8AE7A-37C6-4033-BAA8-104F8C62E7F8}.Debug|Any CPU.Build.0 = Debug|Any CPU
		{73C8AE7A-37C6-4033-BAA8-104F8C62E7F8}.Release|Any CPU.ActiveCfg = Release|Any CPU
		{73C8AE7A-37C6-4033-BAA8-104F8C62E7F8}.Release|Any CPU.Build.0 = Release|Any CPU
	EndGlobalSection
	GlobalSection(SolutionProperties) = preSolution
		HideSolutionNode = FALSE
	EndGlobalSection
	GlobalSection(ExtensibilityGlobals) = postSolution
		SolutionGuid = {85853791-42E9-410F-8278-4689DA7F989E}
	EndGlobalSection
EndGlobal
