
Microsoft Visual Studio Solution File, Format Version 12.00
# Visual Studio Version 16
VisualStudioVersion = 16.0.32126.315
MinimumVisualStudioVersion = 10.0.40219.1
Project("{FAE04EC0-301F-11D3-BF4B-00C04F79EFBC}") = "EFDemmo", "EFDemmo\EFDemmo.csproj", "{8D50CFCA-BD56-461A-A5F5-68FF1D5C7377}"
EndProject
Global
	GlobalSection(SolutionConfigurationPlatforms) = preSolution
		Debug|Any CPU = Debug|Any CPU
		Release|Any CPU = Release|Any CPU
	EndGlobalSection
	GlobalSection(ProjectConfigurationPlatforms) = postSolution
		{8D50CFCA-BD56-461A-A5F5-68FF1D5C7377}.Debug|Any CPU.ActiveCfg = Debug|Any CPU
		{8D50CFCA-BD56-461A-A5F5-68FF1D5C7377}.Debug|Any CPU.Build.0 = Debug|Any CPU
		{8D50CFCA-BD56-461A-A5F5-68FF1D5C7377}.Release|Any CPU.ActiveCfg = Release|Any CPU
		{8D50CFCA-BD56-461A-A5F5-68FF1D5C7377}.Release|Any CPU.Build.0 = Release|Any CPU
	EndGlobalSection
	GlobalSection(SolutionProperties) = preSolution
		HideSolutionNode = FALSE
	EndGlobalSection
	GlobalSection(ExtensibilityGlobals) = postSolution
		SolutionGuid = {10B9F5C1-F6BE-4E9C-ABD8-327266D2F2EE}
	EndGlobalSection
EndGlobal
